{
  "name": "meshtasticd-wasm-node",
  "version": "0.0.1",
  "lockfileVersion": 3,
  "requires": true,
  "packages": {
    "": {
      "name": "meshtasticd-wasm-node",
      "version": "0.0.1",
      "license": "GPL-2.0-or-later",
      "dependencies": {
        "@meshtastic/core": "^2.6.7",
        "usb": "^3.0.0"
      },
      "devDependencies": {
        "yaml": "^2.9.0"
      }
    },
    "node_modules/@meshtastic/core": {
      "version": "2.6.7",
      "resolved": "https://registry.npmjs.org/@meshtastic/core/-/core-2.6.7.tgz",
      "integrity": "sha512-0iP/gfzhqVWBzTpJNn2dHp2BiUSQq5xPUDCtssBqI9Y/X64sQ2cPDCKoyGsFPn8VXrJG3B/lQd/yPhg0GytATA==",
      "hasInstallScript": true,
      "license": "GPL-3.0-only",
      "dependencies": {
        "crc": "npm:crc@^4.3.2"
      }
    },
    "node_modules/@node-usb/usb-darwin-arm64": {
      "version": "3.0.0",
      "resolved": "https://registry.npmjs.org/@node-usb/usb-darwin-arm64/-/usb-darwin-arm64-3.0.0.tgz",
      "integrity": "sha512-wBnK74ToiFpH8QGsOSkxjx2BllHIaeW57AUIrAEd1ZWdulbR7l63e07efUSi+iQDf7Qd8HLkD1DnA4w92lagcQ==",
      "cpu": [
        "arm64"
      ],
      "license": "MIT",
      "optional": true,
      "os": [
        "darwin"
      ],
      "engines": {
        "node": ">= 12.22.0 < 13 || >= 14.17.0 < 15 || >= 15.12.0 < 16 || >= 16.0.0"
      }
    },
    "node_modules/@node-usb/usb-darwin-x64": {
      "version": "3.0.0",
      "resolved": "https://registry.npmjs.org/@node-usb/usb-darwin-x64/-/usb-darwin-x64-3.0.0.tgz",
      "integrity": "sha512-myCWHDMSO7Xo6bSmCprTAuIj/KBD+z2YpKVnDCv65ZB5vF83gqz+7Qlnbqgr92IarAjPLldkyM5dgpHxGF9l5A==",
      "cpu": [
        "x64"
      ],
      "license": "MIT",
      "optional": true,
      "os": [
        "darwin"
      ],
      "engines": {
        "node": ">= 12.22.0 < 13 || >= 14.17.0 < 15 || >= 15.12.0 < 16 || >= 16.0.0"
      }
    },
    "node_modules/@node-usb/usb-linux-arm-gnueabihf": {
      "version": "3.0.0",
      "resolved": "https://registry.npmjs.org/@node-usb/usb-linux-arm-gnueabihf/-/usb-linux-arm-gnueabihf-3.0.0.tgz",
      "integrity": "sha512-EOQOP7QQf92Nr37jaBlL7W4pkB+9YCVxI/l1PZ19KZr/kqBIArdVw4DbkADmJmLwYl4yIeDsJLuQ2O9xLbYcvA==",
      "cpu": [
        "arm"
      ],
      "license": "MIT",
      "optional": true,
      "os": [
        "linux"
      ],
      "engines": {
        "node": ">= 12.22.0 < 13 || >= 14.17.0 < 15 || >= 15.12.0 < 16 || >= 16.0.0"
      }
    },
    "node_modules/@node-usb/usb-linux-arm64-gnu": {
      "version": "3.0.0",
      "resolved": "https://registry.npmjs.org/@node-usb/usb-linux-arm64-gnu/-/usb-linux-arm64-gnu-3.0.0.tgz",
      "integrity": "sha512-H6TLWmgeK0QSDUUCR1KRGQiNWFnSsv9Ec2Bnet8LQJrRtdb0np92oObgzn7X7nz4rpcuahfxH8H2xnLQatZnWA==",
      "cpu": [
        "arm64"
      ],
      "libc": [
        "glibc"
      ],
      "license": "MIT",
      "optional": true,
      "os": [
        "linux"
      ],
      "engines": {
        "node": ">= 12.22.0 < 13 || >= 14.17.0 < 15 || >= 15.12.0 < 16 || >= 16.0.0"
      }
    },
    "node_modules/@node-usb/usb-linux-arm64-musl": {
      "version": "3.0.0",
      "resolved": "https://registry.npmjs.org/@node-usb/usb-linux-arm64-musl/-/usb-linux-arm64-musl-3.0.0.tgz",
      "integrity": "sha512-d2ROSTlGh0axwSVw3cGXlUEzCW8vJsJOI6T/82xsB/mO+Wy8IC6eRaVzIyEx+hrBiW/TNVI8d9QrIHWG8I9/5A==",
      "cpu": [
        "arm64"
      ],
      "libc": [
        "musl"
      ],
      "license": "MIT",
      "optional": true,
      "os": [
        "linux"
      ],
      "engines": {
        "node": ">= 12.22.0 < 13 || >= 14.17.0 < 15 || >= 15.12.0 < 16 || >= 16.0.0"
      }
    },
    "node_modules/@node-usb/usb-linux-x64-gnu": {
      "version": "3.0.0",
      "resolved": "https://registry.npmjs.org/@node-usb/usb-linux-x64-gnu/-/usb-linux-x64-gnu-3.0.0.tgz",
      "integrity": "sha512-r3I6kGKiIm6J5qpdte4aHvMXXizLPonwq5f2ZGZGBY9VJUrUVjV5g1wW5spPZoq5E+R1V+metup1zMWd1Topew==",
      "cpu": [
        "x64"
      ],
      "libc": [
        "glibc"
      ],
      "license": "MIT",
      "optional": true,
      "os": [
        "linux"
      ],
      "engines": {
        "node": ">= 12.22.0 < 13 || >= 14.17.0 < 15 || >= 15.12.0 < 16 || >= 16.0.0"
      }
    },
    "node_modules/@node-usb/usb-linux-x64-musl": {
      "version": "3.0.0",
      "resolved": "https://registry.npmjs.org/@node-usb/usb-linux-x64-musl/-/usb-linux-x64-musl-3.0.0.tgz",
      "integrity": "sha512-Qtzms0RQ4XXsuVwiNSDxXsuubfbzVELB4WH4MyP1ABigibA+yslMLHJLZbZyZA1NpOP32Pikmz6C7o9Ho6Z2LQ==",
      "cpu": [
        "x64"
      ],
      "libc": [
        "musl"
      ],
      "license": "MIT",
      "optional": true,
      "os": [
        "linux"
      ],
      "engines": {
        "node": ">= 12.22.0 < 13 || >= 14.17.0 < 15 || >= 15.12.0 < 16 || >= 16.0.0"
      }
    },
    "node_modules/@node-usb/usb-win32-arm64-msvc": {
      "version": "3.0.0",
      "resolved": "https://registry.npmjs.org/@node-usb/usb-win32-arm64-msvc/-/usb-win32-arm64-msvc-3.0.0.tgz",
      "integrity": "sha512-w4WfwMY07MPHF+393sCUTLl8cZMqyUlEvsxVZjDefXe3LsC/EKhxLWYqVOFszlhYGDpe5YLs2VjFLi5miq0ZjQ==",
      "cpu": [
        "arm64"
      ],
      "license": "MIT",
      "optional": true,
      "os": [
        "win32"
      ],
      "engines": {
        "node": ">= 12.22.0 < 13 || >= 14.17.0 < 15 || >= 15.12.0 < 16 || >= 16.0.0"
      }
    },
    "node_modules/@node-usb/usb-win32-ia32-msvc": {
      "version": "3.0.0",
      "resolved": "https://registry.npmjs.org/@node-usb/usb-win32-ia32-msvc/-/usb-win32-ia32-msvc-3.0.0.tgz",
      "integrity": "sha512-2531uD4hB1ccesjyapYB//VDEARnhx8u1oljBDy5O7o7qZh74KjNtlYXBZBAmCjtZfqIEH+L+YaBFVg39VdTUQ==",
      "cpu": [
        "ia32"
      ],
      "license": "MIT",
      "optional": true,
      "os": [
        "win32"
      ],
      "engines": {
        "node": ">= 12.22.0 < 13 || >= 14.17.0 < 15 || >= 15.12.0 < 16 || >= 16.0.0"
      }
    },
    "node_modules/@node-usb/usb-win32-x64-msvc": {
      "version": "3.0.0",
      "resolved": "https://registry.npmjs.org/@node-usb/usb-win32-x64-msvc/-/usb-win32-x64-msvc-3.0.0.tgz",
      "integrity": "sha512-8wbRBW1WKzmOWyTJs9n7/rYytYjL+/hvxaW6rlYuHcj0gLDupDJb9l64FhPI8ZZtF19+LVatQeoNtQLoKVRAuQ==",
      "cpu": [
        "x64"
      ],
      "license": "MIT",
      "optional": true,
      "os": [
        "win32"
      ],
      "engines": {
        "node": ">= 12.22.0 < 13 || >= 14.17.0 < 15 || >= 15.12.0 < 16 || >= 16.0.0"
      }
    },
    "node_modules/@types/w3c-web-usb": {
      "version": "1.0.14",
      "resolved": "https://registry.npmjs.org/@types/w3c-web-usb/-/w3c-web-usb-1.0.14.tgz",
      "integrity": "sha512-Qu3Nn6JFuF4+sHKYl+IcX9vYiI40ogleXzFFSxoE1W94rG98o/kXs8uJ0QSfFzuwBCZWlGfUGpPkgwuuX4PchA==",
      "license": "MIT"
    },
    "node_modules/crc": {
      "version": "4.3.2",
      "resolved": "https://registry.npmjs.org/crc/-/crc-4.3.2.tgz",
      "integrity": "sha512-uGDHf4KLLh2zsHa8D8hIQ1H/HtFQhyHrc0uhHBcoKGol/Xnb+MPYfUMw7cvON6ze/GUESTudKayDcJC5HnJv1A==",
      "license": "MIT",
      "engines": {
        "node": ">=12"
      },
      "peerDependencies": {
        "buffer": ">=6.0.3"
      },
      "peerDependenciesMeta": {
        "buffer": {
          "optional": true
        }
      }
    },
    "node_modules/usb": {
      "version": "3.0.0",
      "resolved": "https://registry.npmjs.org/usb/-/usb-3.0.0.tgz",
      "integrity": "sha512-oKHicfd16YtVrh+icdjjTE+CNpAohAjbt8ecanLhA0F9mVjXnGsu1UoV9vZg9sWQ51Lyc5XVI/jFdqXw5IjNFQ==",
      "license": "MIT",
      "dependencies": {
        "@types/w3c-web-usb": "^1.0.14"
      },
      "engines": {
        "node": ">= 12.22.0 < 13 || >= 14.17.0 < 15 || >= 15.12.0 < 16 || >= 16.0.0"
      },
      "optionalDependencies": {
        "@node-usb/usb-darwin-arm64": "3.0.0",
        "@node-usb/usb-darwin-x64": "3.0.0",
        "@node-usb/usb-linux-arm-gnueabihf": "3.0.0",
        "@node-usb/usb-linux-arm64-gnu": "3.0.0",
        "@node-usb/usb-linux-arm64-musl": "3.0.0",
        "@node-usb/usb-linux-x64-gnu": "3.0.0",
        "@node-usb/usb-linux-x64-musl": "3.0.0",
        "@node-usb/usb-win32-arm64-msvc": "3.0.0",
        "@node-usb/usb-win32-ia32-msvc": "3.0.0",
        "@node-usb/usb-win32-x64-msvc": "3.0.0"
      }
    },
    "node_modules/yaml": {
      "version": "2.9.0",
      "resolved": "https://registry.npmjs.org/yaml/-/yaml-2.9.0.tgz",
      "integrity": "sha512-2AvhNX3mb8zd6Zy7INTtSpl1F15HW6Wnqj0srWlkKLcpYl/gMIMJiyuGq2KeI2YFxUPjdlB+3Lc10seMLtL4cA==",
      "dev": true,
      "license": "ISC",
      "bin": {
        "yaml": "bin.mjs"
      },
      "engines": {
        "node": ">= 14.6"
      },
      "funding": {
        "url": "https://github.com/sponsors/eemeli"
      }
    }
  }
}
